
Microsoft Visual Studio Solution File, Format Version 12.00
# Visual Studio Version 17
VisualStudioVersion = 17.7.34024.191
MinimumVisualStudioVersion = 10.0.40219.1
Project("{FAE04EC0-301F-11D3-BF4B-00C04F79EFBC}") = "FactoryMethode", "FactoryMethode\FactoryMethode.csproj", "{979E839D-E2EB-482B-BF21-ACF74D12C0A6}"
EndProject
Global
	GlobalSection(SolutionConfigurationPlatforms) = preSolution
		Debug|Any CPU = Debug|Any CPU
		Release|Any CPU = Release|Any CPU
	EndGlobalSection
	GlobalSection(ProjectConfigurationPlatforms) = postSolution
		{979E839D-E2EB-482B-BF21-ACF74D12C0A6}.Debug|Any CPU.ActiveCfg = Debug|Any CPU
		{979E839D-E2EB-482B-BF21-ACF74D12C0A6}.Debug|Any CPU.Build.0 = Debug|Any CPU
		{979E839D-E2EB-482B-BF21-ACF74D12C0A6}.Release|Any CPU.ActiveCfg = Release|Any CPU
		{979E839D-E2EB-482B-BF21-ACF74D12C0A6}.Release|Any CPU.Build.0 = Release|Any CPU
	EndGlobalSection
	GlobalSection(SolutionProperties) = preSolution
		HideSolutionNode = FALSE
	EndGlobalSection
	GlobalSection(ExtensibilityGlobals) = postSolution
		SolutionGuid = {E6DD63A0-024A-4E69-9302-3DBCECD38F49}
	EndGlobalSection
EndGlobal
